// !$*UTF8*$!
{
	archiveVersion = 1;
	classes = {
	};
	objectVersion = 46;
	objects = {

/* Begin PBXBuildFile section */
		ADB500801913BB1000F550D5 /* GameViewController.m in Sources */ = {isa = PBXBuildFile; fileRef = ADB5007E1913BB1000F550D5 /* GameViewController.m */; };
		ADB500811913BB1000F550D5 /* GameViewController.xib in Resources */ = {isa = PBXBuildFile; fileRef = ADB5007F1913BB1000F550D5 /* GameViewController.xib */; };
		ADB500831913BB2000F550D5 /* SpriteKit.framework in Frameworks */ = {isa = PBXBuildFile; fileRef = ADB500821913BB2000F550D5 /* SpriteKit.framework */; };
		ADB500871913BB4B00F550D5 /* GameScene.m in Sources */ = {isa = PBXBuildFile; fileRef = ADB500861913BB4B00F550D5 /* GameScene.m */; };
		ADB5008D1913C09F00F550D5 /* bg.png in Resources */ = {isa = PBXBuildFile; fileRef = ADB5008C1913C09F00F550D5 /* bg.png */; };
		ADB5008F1913C75A00F550D5 /* sfx_die.caf in Resources */ = {isa = PBXBuildFile; fileRef = ADB5008E1913C75A00F550D5 /* sfx_die.caf */; };
		ADB500911913C76800F550D5 /* sfx_hit.caf in Resources */ = {isa = PBXBuildFile; fileRef = ADB500901913C76800F550D5 /* sfx_hit.caf */; };
		ADB500931913C77B00F550D5 /* sfx_wing.caf in Resources */ = {isa = PBXBuildFile; fileRef = ADB500921913C77B00F550D5 /* sfx_wing.caf */; };
		ADB5009F1913D7F900F550D5 /* floor.png in Resources */ = {isa = PBXBuildFile; fileRef = ADB5009E1913D7F900F550D5 /* floor.png */; };
		ADB500A11913E60900F550D5 /* sfx_point.caf in Resources */ = {isa = PBXBuildFile; fileRef = ADB500A01913E60900F550D5 /* sfx_point.caf */; };
		ADB500AA1913EDE100F550D5 /* MenuScene.m in Sources */ = {isa = PBXBuildFile; fileRef = ADB500A91913EDE100F550D5 /* MenuScene.m */; };
		ADB500AC1913F7DB00F550D5 /* button_start.png in Resources */ = {isa = PBXBuildFile; fileRef = ADB500AB1913F7DB00F550D5 /* button_start.png */; };
		ADB500AE1913F91A00F550D5 /* title.png in Resources */ = {isa = PBXBuildFile; fileRef = ADB500AD1913F91A00F550D5 /* title.png */; };
		ADB500B31913FBAF00F550D5 /* ButtonNode.m in Sources */ = {isa = PBXBuildFile; fileRef = ADB500B21913FBAF00F550D5 /* ButtonNode.m */; };
		ADB500B8191402A300F550D5 /* bird_0.png in Resources */ = {isa = PBXBuildFile; fileRef = ADB500B5191402A300F550D5 /* bird_0.png */; };
		ADB500B9191402A300F550D5 /* bird_1.png in Resources */ = {isa = PBXBuildFile; fileRef = ADB500B6191402A300F550D5 /* bird_1.png */; };
		ADB500BA191402A300F550D5 /* bird_2.png in Resources */ = {isa = PBXBuildFile; fileRef = ADB500B7191402A300F550D5 /* bird_2.png */; };
		ADB500FD191516FB00F550D5 /* pipe_down.png in Resources */ = {isa = PBXBuildFile; fileRef = ADB500FB191516FB00F550D5 /* pipe_down.png */; };
		ADB500FE191516FB00F550D5 /* pipe_up.png in Resources */ = {isa = PBXBuildFile; fileRef = ADB500FC191516FB00F550D5 /* pipe_up.png */; };
		ADB5010119151B4E00F550D5 /* text_game_over.png in Resources */ = {isa = PBXBuildFile; fileRef = ADB500FF19151B4E00F550D5 /* text_game_over.png */; };
		ADB5010219151B4E00F550D5 /* text_ready.png in Resources */ = {isa = PBXBuildFile; fileRef = ADB5010019151B4E00F550D5 /* text_ready.png */; };
		ADB5010419151C0800F550D5 /* tutorial.png in Resources */ = {isa = PBXBuildFile; fileRef = ADB5010319151C0800F550D5 /* tutorial.png */; };
		ADC576E719191BD7006940D7 /* button_menu.png in Resources */ = {isa = PBXBuildFile; fileRef = ADC576E319191BD7006940D7 /* button_menu.png */; };
		ADC576E819191BD7006940D7 /* button_ok.png in Resources */ = {isa = PBXBuildFile; fileRef = ADC576E419191BD7006940D7 /* button_ok.png */; };
		ADC576E919191BD7006940D7 /* button_pause.png in Resources */ = {isa = PBXBuildFile; fileRef = ADC576E519191BD7006940D7 /* button_pause.png */; };
		ADC576EA19191BD7006940D7 /* button_resume.png in Resources */ = {isa = PBXBuildFile; fileRef = ADC576E619191BD7006940D7 /* button_resume.png */; };
		ADC576EE19192001006940D7 /* BirdNode.m in Sources */ = {isa = PBXBuildFile; fileRef = ADC576ED19192001006940D7 /* BirdNode.m */; };
		ADC576F119192020006940D7 /* FloorNode.m in Sources */ = {isa = PBXBuildFile; fileRef = ADC576F019192020006940D7 /* FloorNode.m */; };
		ADDC90C119104DCD00BF7B85 /* Foundation.framework in Frameworks */ = {isa = PBXBuildFile; fileRef = ADDC90C019104DCD00BF7B85 /* Foundation.framework */; };
		ADDC90C319104DCD00BF7B85 /* CoreGraphics.framework in Frameworks */ = {isa = PBXBuildFile; fileRef = ADDC90C219104DCD00BF7B85 /* CoreGraphics.framework */; };
		ADDC90C519104DCD00BF7B85 /* UIKit.framework in Frameworks */ = {isa = PBXBuildFile; fileRef = ADDC90C419104DCD00BF7B85 /* UIKit.framework */; };
		ADDC90CB19104DCD00BF7B85 /* InfoPlist.strings in Resources */ = {isa = PBXBuildFile; fileRef = ADDC90C919104DCD00BF7B85 /* InfoPlist.strings */; };
		ADDC90CD19104DCD00BF7B85 /* main.m in Sources */ = {isa = PBXBuildFile; fileRef = ADDC90CC19104DCD00BF7B85 /* main.m */; };
		ADDC90D119104DCD00BF7B85 /* AppDelegate.m in Sources */ = {isa = PBXBuildFile; fileRef = ADDC90D019104DCD00BF7B85 /* AppDelegate.m */; };
		ADDC90D319104DCD00BF7B85 /* Images.xcassets in Resources */ = {isa = PBXBuildFile; fileRef = ADDC90D219104DCD00BF7B85 /* Images.xcassets */; };
		ADDC90DA19104DCD00BF7B85 /* XCTest.framework in Frameworks */ = {isa = PBXBuildFile; fileRef = ADDC90D919104DCD00BF7B85 /* XCTest.framework */; };
		ADDC90DB19104DCD00BF7B85 /* Foundation.framework in Frameworks */ = {isa = PBXBuildFile; fileRef = ADDC90C019104DCD00BF7B85 /* Foundation.framework */; };
		ADDC90DC19104DCD00BF7B85 /* UIKit.framework in Frameworks */ = {isa = PBXBuildFile; fileRef = ADDC90C419104DCD00BF7B85 /* UIKit.framework */; };
		ADDC90E419104DCD00BF7B85 /* InfoPlist.strings in Resources */ = {isa = PBXBuildFile; fileRef = ADDC90E219104DCD00BF7B85 /* InfoPlist.strings */; };
		ADDC90E619104DCD00BF7B85 /* SpriteKitFlappyBirdTests.m in Sources */ = {isa = PBXBuildFile; fileRef = ADDC90E519104DCD00BF7B85 /* SpriteKitFlappyBirdTests.m */; };
/* End PBXBuildFile section */

/* Begin PBXContainerItemProxy section */
		ADDC90DD19104DCD00BF7B85 /* PBXContainerItemProxy */ = {
			isa = PBXContainerItemProxy;
			containerPortal = ADDC90B519104DCD00BF7B85 /* Project object */;
			proxyType = 1;
			remoteGlobalIDString = ADDC90BC19104DCD00BF7B85;
			remoteInfo = SpriteKitFlappyBird;
		};
/* End PBXContainerItemProxy section */

/* Begin PBXFileReference section */
		ADB5007D1913BB1000F550D5 /* GameViewController.h */ = {isa = PBXFileReference; fileEncoding = 4; lastKnownFileType = sourcecode.c.h; path = GameViewController.h; sourceTree = "<group>"; };
		ADB5007E1913BB1000F550D5 /* GameViewController.m */ = {isa = PBXFileReference; fileEncoding = 4; lastKnownFileType = sourcecode.c.objc; path = GameViewController.m; sourceTree = "<group>"; };
		ADB5007F1913BB1000F550D5 /* GameViewController.xib */ = {isa = PBXFileReference; fileEncoding = 4; lastKnownFileType = file.xib; path = GameViewController.xib; sourceTree = "<group>"; };
		ADB500821913BB2000F550D5 /* SpriteKit.framework */ = {isa = PBXFileReference; lastKnownFileType = wrapper.framework; name = SpriteKit.framework; path = System/Library/Frameworks/SpriteKit.framework; sourceTree = SDKROOT; };
		ADB500851913BB4B00F550D5 /* GameScene.h */ = {isa = PBXFileReference; fileEncoding = 4; lastKnownFileType = sourcecode.c.h; path = GameScene.h; sourceTree = "<group>"; };
		ADB500861913BB4B00F550D5 /* GameScene.m */ = {isa = PBXFileReference; fileEncoding = 4; lastKnownFileType = sourcecode.c.objc; path = GameScene.m; sourceTree = "<group>"; };
		ADB5008C1913C09F00F550D5 /* bg.png */ = {isa = PBXFileReference; lastKnownFileType = image.png; path = bg.png; sourceTree = "<group>"; };
		ADB5008E1913C75A00F550D5 /* sfx_die.caf */ = {isa = PBXFileReference; lastKnownFileType = file; path = sfx_die.caf; sourceTree = "<group>"; };
		ADB500901913C76800F550D5 /* sfx_hit.caf */ = {isa = PBXFileReference; lastKnownFileType = file; path = sfx_hit.caf; sourceTree = "<group>"; };
		ADB500921913C77B00F550D5 /* sfx_wing.caf */ = {isa = PBXFileReference; lastKnownFileType = file; path = sfx_wing.caf; sourceTree = "<group>"; };
		ADB5009E1913D7F900F550D5 /* floor.png */ = {isa = PBXFileReference; lastKnownFileType = image.png; path = floor.png; sourceTree = "<group>"; };
		ADB500A01913E60900F550D5 /* sfx_point.caf */ = {isa = PBXFileReference; lastKnownFileType = file; path = sfx_point.caf; sourceTree = "<group>"; };
		ADB500A81913EDE100F550D5 /* MenuScene.h */ = {isa = PBXFileReference; fileEncoding = 4; lastKnownFileType = sourcecode.c.h; path = MenuScene.h; sourceTree = "<group>"; };
		ADB500A91913EDE100F550D5 /* MenuScene.m */ = {isa = PBXFileReference; fileEncoding = 4; lastKnownFileType = sourcecode.c.objc; path = MenuScene.m; sourceTree = "<group>"; };
		ADB500AB1913F7DB00F550D5 /* button_start.png */ = {isa = PBXFileReference; lastKnownFileType = image.png; path = button_start.png; sourceTree = "<group>"; };
		ADB500AD1913F91A00F550D5 /* title.png */ = {isa = PBXFileReference; lastKnownFileType = image.png; path = title.png; sourceTree = "<group>"; };
		ADB500B11913FBAF00F550D5 /* ButtonNode.h */ = {isa = PBXFileReference; fileEncoding = 4; lastKnownFileType = sourcecode.c.h; path = ButtonNode.h; sourceTree = "<group>"; };
		ADB500B21913FBAF00F550D5 /* ButtonNode.m */ = {isa = PBXFileReference; fileEncoding = 4; lastKnownFileType = sourcecode.c.objc; path = ButtonNode.m; sourceTree = "<group>"; };
		ADB500B5191402A300F550D5 /* bird_0.png */ = {isa = PBXFileReference; lastKnownFileType = image.png; path = bird_0.png; sourceTree = "<group>"; };
		ADB500B6191402A300F550D5 /* bird_1.png */ = {isa = PBXFileReference; lastKnownFileType = image.png; path = bird_1.png; sourceTree = "<group>"; };
		ADB500B7191402A300F550D5 /* bird_2.png */ = {isa = PBXFileReference; lastKnownFileType = image.png; path = bird_2.png; sourceTree = "<group>"; };
		ADB500FB191516FB00F550D5 /* pipe_down.png */ = {isa = PBXFileReference; lastKnownFileType = image.png; path = pipe_down.png; sourceTree = "<group>"; };
		ADB500FC191516FB00F550D5 /* pipe_up.png */ = {isa = PBXFileReference; lastKnownFileType = image.png; path = pipe_up.png; sourceTree = "<group>"; };
		ADB500FF19151B4E00F550D5 /* text_game_over.png */ = {isa = PBXFileReference; lastKnownFileType = image.png; path = text_game_over.png; sourceTree = "<group>"; };
		ADB5010019151B4E00F550D5 /* text_ready.png */ = {isa = PBXFileReference; lastKnownFileType = image.png; path = text_ready.png; sourceTree = "<group>"; };
		ADB5010319151C0800F550D5 /* tutorial.png */ = {isa = PBXFileReference; lastKnownFileType = image.png; path = tutorial.png; sourceTree = "<group>"; };
		ADC576E319191BD7006940D7 /* button_menu.png */ = {isa = PBXFileReference; lastKnownFileType = image.png; path = button_menu.png; sourceTree = "<group>"; };
		ADC576E419191BD7006940D7 /* button_ok.png */ = {isa = PBXFileReference; lastKnownFileType = image.png; path = button_ok.png; sourceTree = "<group>"; };
		ADC576E519191BD7006940D7 /* button_pause.png */ = {isa = PBXFileReference; lastKnownFileType = image.png; path = button_pause.png; sourceTree = "<group>"; };
		ADC576E619191BD7006940D7 /* button_resume.png */ = {isa = PBXFileReference; lastKnownFileType = image.png; path = button_resume.png; sourceTree = "<group>"; };
		ADC576EC19192001006940D7 /* BirdNode.h */ = {isa = PBXFileReference; fileEncoding = 4; lastKnownFileType = sourcecode.c.h; path = BirdNode.h; sourceTree = "<group>"; };
		ADC576ED19192001006940D7 /* BirdNode.m */ = {isa = PBXFileReference; fileEncoding = 4; lastKnownFileType = sourcecode.c.objc; path = BirdNode.m; sourceTree = "<group>"; };
		ADC576EF19192020006940D7 /* FloorNode.h */ = {isa = PBXFileReference; fileEncoding = 4; lastKnownFileType = sourcecode.c.h; path = FloorNode.h; sourceTree = "<group>"; };
		ADC576F019192020006940D7 /* FloorNode.m */ = {isa = PBXFileReference; fileEncoding = 4; lastKnownFileType = sourcecode.c.objc; path = FloorNode.m; sourceTree = "<group>"; };
		ADDC90BD19104DCD00BF7B85 /* SpriteKitFlappyBird.app */ = {isa = PBXFileReference; explicitFileType = wrapper.application; includeInIndex = 0; path = SpriteKitFlappyBird.app; sourceTree = BUILT_PRODUCTS_DIR; };
		ADDC90C019104DCD00BF7B85 /* Foundation.framework */ = {isa = PBXFileReference; lastKnownFileType = wrapper.framework; name = Foundation.framework; path = System/Library/Frameworks/Foundation.framework; sourceTree = SDKROOT; };
		ADDC90C219104DCD00BF7B85 /* CoreGraphics.framework */ = {isa = PBXFileReference; lastKnownFileType = wrapper.framework; name = CoreGraphics.framework; path = System/Library/Frameworks/CoreGraphics.framework; sourceTree = SDKROOT; };
		ADDC90C419104DCD00BF7B85 /* UIKit.framework */ = {isa = PBXFileReference; lastKnownFileType = wrapper.framework; name = UIKit.framework; path = System/Library/Frameworks/UIKit.framework; sourceTree = SDKROOT; };
		ADDC90C819104DCD00BF7B85 /* SpriteKitFlappyBird-Info.plist */ = {isa = PBXFileReference; lastKnownFileType = text.plist.xml; path = "SpriteKitFlappyBird-Info.plist"; sourceTree = "<group>"; };
		ADDC90CA19104DCD00BF7B85 /* en */ = {isa = PBXFileReference; lastKnownFileType = text.plist.strings; name = en; path = en.lproj/InfoPlist.strings; sourceTree = "<group>"; };
		ADDC90CC19104DCD00BF7B85 /* main.m */ = {isa = PBXFileReference; lastKnownFileType = sourcecode.c.objc; path = main.m; sourceTree = "<group>"; };
		ADDC90CE19104DCD00BF7B85 /* SpriteKitFlappyBird-Prefix.pch */ = {isa = PBXFileReference; lastKnownFileType = sourcecode.c.h; path = "SpriteKitFlappyBird-Prefix.pch"; sourceTree = "<group>"; };
		ADDC90CF19104DCD00BF7B85 /* AppDelegate.h */ = {isa = PBXFileReference; lastKnownFileType = sourcecode.c.h; path = AppDelegate.h; sourceTree = "<group>"; };
		ADDC90D019104DCD00BF7B85 /* AppDelegate.m */ = {isa = PBXFileReference; lastKnownFileType = sourcecode.c.objc; path = AppDelegate.m; sourceTree = "<group>"; };
		ADDC90D219104DCD00BF7B85 /* Images.xcassets */ = {isa = PBXFileReference; lastKnownFileType = folder.assetcatalog; path = Images.xcassets; sourceTree = "<group>"; };
		ADDC90D819104DCD00BF7B85 /* SpriteKitFlappyBirdTests.xctest */ = {isa = PBXFileReference; explicitFileType = wrapper.cfbundle; includeInIndex = 0; path = SpriteKitFlappyBirdTests.xctest; sourceTree = BUILT_PRODUCTS_DIR; };
		ADDC90D919104DCD00BF7B85 /* XCTest.framework */ = {isa = PBXFileReference; lastKnownFileType = wrapper.framework; name = XCTest.framework; path = Library/Frameworks/XCTest.framework; sourceTree = DEVELOPER_DIR; };
		ADDC90E119104DCD00BF7B85 /* SpriteKitFlappyBirdTests-Info.plist */ = {isa = PBXFileReference; lastKnownFileType = text.plist.xml; path = "SpriteKitFlappyBirdTests-Info.plist"; sourceTree = "<group>"; };
		ADDC90E319104DCD00BF7B85 /* en */ = {isa = PBXFileReference; lastKnownFileType = text.plist.strings; name = en; path = en.lproj/InfoPlist.strings; sourceTree = "<group>"; };
		ADDC90E519104DCD00BF7B85 /* SpriteKitFlappyBirdTests.m */ = {isa = PBXFileReference; lastKnownFileType = sourcecode.c.objc; path = SpriteKitFlappyBirdTests.m; sourceTree = "<group>"; };
/* End PBXFileReference section */

/* Begin PBXFrameworksBuildPhase section */
		ADDC90BA19104DCD00BF7B85 /* Frameworks */ = {
			isa = PBXFrameworksBuildPhase;
			buildActionMask = 2147483647;
			files = (
				ADB500831913BB2000F550D5 /* SpriteKit.framework in Frameworks */,
				ADDC90C319104DCD00BF7B85 /* CoreGraphics.framework in Frameworks */,
				ADDC90C519104DCD00BF7B85 /* UIKit.framework in Frameworks */,
				ADDC90C119104DCD00BF7B85 /* Foundation.framework in Frameworks */,
			);
			runOnlyForDeploymentPostprocessing = 0;
		};
		ADDC90D519104DCD00BF7B85 /* Frameworks */ = {
			isa = PBXFrameworksBuildPhase;
			buildActionMask = 2147483647;
			files = (
				ADDC90DA19104DCD00BF7B85 /* XCTest.framework in Frameworks */,
				ADDC90DC19104DCD00BF7B85 /* UIKit.framework in Frameworks */,
				ADDC90DB19104DCD00BF7B85 /* Foundation.framework in Frameworks */,
			);
			runOnlyForDeploymentPostprocessing = 0;
		};
/* End PBXFrameworksBuildPhase section */

/* Begin PBXGroup section */
		ADB5007C1913BAFC00F550D5 /* Game View Controller */ = {
			isa = PBXGroup;
			children = (
				ADB5007D1913BB1000F550D5 /* GameViewController.h */,
				ADB5007E1913BB1000F550D5 /* GameViewController.m */,
				ADB5007F1913BB1000F550D5 /* GameViewController.xib */,
			);
			name = "Game View Controller";
			sourceTree = "<group>";
		};
		ADB500841913BB3900F550D5 /* Game */ = {
			isa = PBXGroup;
			children = (
				ADB500B41913FBB600F550D5 /* Nodes */,
				ADB500A71913EDC200F550D5 /* Menu Scene */,
				ADB500A61913EDBD00F550D5 /* Game Scene */,
			);
			name = Game;
			sourceTree = "<group>";
		};
		ADB500961913C80A00F550D5 /* Sounds */ = {
			isa = PBXGroup;
			children = (
				ADB5008E1913C75A00F550D5 /* sfx_die.caf */,
				ADB500901913C76800F550D5 /* sfx_hit.caf */,
				ADB500921913C77B00F550D5 /* sfx_wing.caf */,
				ADB500A01913E60900F550D5 /* sfx_point.caf */,
			);
			name = Sounds;
			sourceTree = "<group>";
		};
		ADB500971913C90D00F550D5 /* Textures */ = {
			isa = PBXGroup;
			children = (
				ADC576E319191BD7006940D7 /* button_menu.png */,
				ADC576E419191BD7006940D7 /* button_ok.png */,
				ADC576E519191BD7006940D7 /* button_pause.png */,
				ADC576E619191BD7006940D7 /* button_resume.png */,
				ADB5010319151C0800F550D5 /* tutorial.png */,
				ADB500FF19151B4E00F550D5 /* text_game_over.png */,
				ADB5010019151B4E00F550D5 /* text_ready.png */,
				ADB500FB191516FB00F550D5 /* pipe_down.png */,
				ADB500FC191516FB00F550D5 /* pipe_up.png */,
				ADB500B5191402A300F550D5 /* bird_0.png */,
				ADB500B6191402A300F550D5 /* bird_1.png */,
				ADB500B7191402A300F550D5 /* bird_2.png */,
				ADB500AD1913F91A00F550D5 /* title.png */,
				ADB500AB1913F7DB00F550D5 /* button_start.png */,
				ADB5008C1913C09F00F550D5 /* bg.png */,
				ADB5009E1913D7F900F550D5 /* floor.png */,
			);
			name = Textures;
			sourceTree = "<group>";
		};
		ADB500A61913EDBD00F550D5 /* Game Scene */ = {
			isa = PBXGroup;
			children = (
				ADB500851913BB4B00F550D5 /* GameScene.h */,
				ADB500861913BB4B00F550D5 /* GameScene.m */,
			);
			name = "Game Scene";
			sourceTree = "<group>";
		};
		ADB500A71913EDC200F550D5 /* Menu Scene */ = {
			isa = PBXGroup;
			children = (
				ADB500A81913EDE100F550D5 /* MenuScene.h */,
				ADB500A91913EDE100F550D5 /* MenuScene.m */,
			);
			name = "Menu Scene";
			sourceTree = "<group>";
		};
		ADB500AF1913FA9C00F550D5 /* Sources */ = {
			isa = PBXGroup;
			children = (
				ADB500841913BB3900F550D5 /* Game */,
				ADB5007C1913BAFC00F550D5 /* Game View Controller */,
				ADDC90CF19104DCD00BF7B85 /* AppDelegate.h */,
				ADDC90D019104DCD00BF7B85 /* AppDelegate.m */,
			);
			name = Sources;
			sourceTree = "<group>";
		};
		ADB500B01913FAA400F550D5 /* Resources */ = {
			isa = PBXGroup;
			children = (
				ADB500971913C90D00F550D5 /* Textures */,
				ADB500961913C80A00F550D5 /* Sounds */,
				ADDC90D219104DCD00BF7B85 /* Images.xcassets */,
			);
			name = Resources;
			sourceTree = "<group>";
		};
		ADB500B41913FBB600F550D5 /* Nodes */ = {
			isa = PBXGroup;
			children = (
				ADB500B11913FBAF00F550D5 /* ButtonNode.h */,
				ADB500B21913FBAF00F550D5 /* ButtonNode.m */,
				ADC576EC19192001006940D7 /* BirdNode.h */,
				ADC576ED19192001006940D7 /* BirdNode.m */,
				ADC576EF19192020006940D7 /* FloorNode.h */,
				ADC576F019192020006940D7 /* FloorNode.m */,
			);
			name = Nodes;
			sourceTree = "<group>";
		};
		ADDC90B419104DCD00BF7B85 = {
			isa = PBXGroup;
			children = (
				ADDC90C619104DCD00BF7B85 /* SpriteKitFlappyBird */,
				ADDC90DF19104DCD00BF7B85 /* SpriteKitFlappyBirdTests */,
				ADDC90BF19104DCD00BF7B85 /* Frameworks */,
				ADDC90BE19104DCD00BF7B85 /* Products */,
			);
			sourceTree = "<group>";
		};
		ADDC90BE19104DCD00BF7B85 /* Products */ = {
			isa = PBXGroup;
			children = (
				ADDC90BD19104DCD00BF7B85 /* SpriteKitFlappyBird.app */,
				ADDC90D819104DCD00BF7B85 /* SpriteKitFlappyBirdTests.xctest */,
			);
			name = Products;
			sourceTree = "<group>";
		};
		ADDC90BF19104DCD00BF7B85 /* Frameworks */ = {
			isa = PBXGroup;
			children = (
				ADB500821913BB2000F550D5 /* SpriteKit.framework */,
				ADDC90C019104DCD00BF7B85 /* Foundation.framework */,
				ADDC90C219104DCD00BF7B85 /* CoreGraphics.framework */,
				ADDC90C419104DCD00BF7B85 /* UIKit.framework */,
				ADDC90D919104DCD00BF7B85 /* XCTest.framework */,
			);
			name = Frameworks;
			sourceTree = "<group>";
		};
		ADDC90C619104DCD00BF7B85 /* SpriteKitFlappyBird */ = {
			isa = PBXGroup;
			children = (
				ADB500AF1913FA9C00F550D5 /* Sources */,
				ADB500B01913FAA400F550D5 /* Resources */,
				ADDC90C719104DCD00BF7B85 /* Supporting Files */,
			);
			path = SpriteKitFlappyBird;
			sourceTree = "<group>";
		};
		ADDC90C719104DCD00BF7B85 /* Supporting Files */ = {
			isa = PBXGroup;
			children = (
				ADDC90C819104DCD00BF7B85 /* SpriteKitFlappyBird-Info.plist */,
				ADDC90C919104DCD00BF7B85 /* InfoPlist.strings */,
				ADDC90CC19104DCD00BF7B85 /* main.m */,
				ADDC90CE19104DCD00BF7B85 /* SpriteKitFlappyBird-Prefix.pch */,
			);
			name = "Supporting Files";
			sourceTree = "<group>";
		};
		ADDC90DF19104DCD00BF7B85 /* SpriteKitFlappyBirdTests */ = {
			isa = PBXGroup;
			children = (
				ADDC90E519104DCD00BF7B85 /* SpriteKitFlappyBirdTests.m */,
				ADDC90E019104DCD00BF7B85 /* Supporting Files */,
			);
			path = SpriteKitFlappyBirdTests;
			sourceTree = "<group>";
		};
		ADDC90E019104DCD00BF7B85 /* Supporting Files */ = {
			isa = PBXGroup;
			children = (
				ADDC90E119104DCD00BF7B85 /* SpriteKitFlappyBirdTests-Info.plist */,
				ADDC90E219104DCD00BF7B85 /* InfoPlist.strings */,
			);
			name = "Supporting Files";
			sourceTree = "<group>";
		};
/* End PBXGroup section */

/* Begin PBXNativeTarget section */
		ADDC90BC19104DCD00BF7B85 /* SpriteKitFlappyBird */ = {
			isa = PBXNativeTarget;
			buildConfigurationList = ADDC90E919104DCE00BF7B85 /* Build configuration list for PBXNativeTarget "SpriteKitFlappyBird" */;
			buildPhases = (
				ADDC90B919104DCD00BF7B85 /* Sources */,
				ADDC90BA19104DCD00BF7B85 /* Frameworks */,
				ADDC90BB19104DCD00BF7B85 /* Resources */,
			);
			buildRules = (
			);
			dependencies = (
			);
			name = SpriteKitFlappyBird;
			productName = SpriteKitFlappyBird;
			productReference = ADDC90BD19104DCD00BF7B85 /* SpriteKitFlappyBird.app */;
			productType = "com.apple.product-type.application";
		};
		ADDC90D719104DCD00BF7B85 /* SpriteKitFlappyBirdTests */ = {
			isa = PBXNativeTarget;
			buildConfigurationList = ADDC90EC19104DCE00BF7B85 /* Build configuration list for PBXNativeTarget "SpriteKitFlappyBirdTests" */;
			buildPhases = (
				ADDC90D419104DCD00BF7B85 /* Sources */,
				ADDC90D519104DCD00BF7B85 /* Frameworks */,
				ADDC90D619104DCD00BF7B85 /* Resources */,
			);
			buildRules = (
			);
			dependencies = (
				ADDC90DE19104DCD00BF7B85 /* PBXTargetDependency */,
			);
			name = SpriteKitFlappyBirdTests;
			productName = SpriteKitFlappyBirdTests;
			productReference = ADDC90D819104DCD00BF7B85 /* SpriteKitFlappyBirdTests.xctest */;
			productType = "com.apple.product-type.bundle.unit-test";
		};
/* End PBXNativeTarget section */

/* Begin PBXProject section */
		ADDC90B519104DCD00BF7B85 /* Project object */ = {
			isa = PBXProject;
			attributes = {
				LastUpgradeCheck = 0510;
				ORGANIZATIONNAME = "Vitaly Berg";
				TargetAttributes = {
					ADDC90D719104DCD00BF7B85 = {
						TestTargetID = ADDC90BC19104DCD00BF7B85;
					};
				};
			};
			buildConfigurationList = ADDC90B819104DCD00BF7B85 /* Build configuration list for PBXProject "SpriteKitFlappyBird" */;
			compatibilityVersion = "Xcode 3.2";
			developmentRegion = English;
			hasScannedForEncodings = 0;
			knownRegions = (
				en,
			);
			mainGroup = ADDC90B419104DCD00BF7B85;
			productRefGroup = ADDC90BE19104DCD00BF7B85 /* Products */;
			projectDirPath = "";
			projectRoot = "";
			targets = (
				ADDC90BC19104DCD00BF7B85 /* SpriteKitFlappyBird */,
				ADDC90D719104DCD00BF7B85 /* SpriteKitFlappyBirdTests */,
			);
		};
/* End PBXProject section */

/* Begin PBXResourcesBuildPhase section */
		ADDC90BB19104DCD00BF7B85 /* Resources */ = {
			isa = PBXResourcesBuildPhase;
			buildActionMask = 2147483647;
			files = (
				ADB500FE191516FB00F550D5 /* pipe_up.png in Resources */,
				ADB500911913C76800F550D5 /* sfx_hit.caf in Resources */,
				ADB5010119151B4E00F550D5 /* text_game_over.png in Resources */,
				ADB500A11913E60900F550D5 /* sfx_point.caf in Resources */,
				ADB500FD191516FB00F550D5 /* pipe_down.png in Resources */,
				ADB500AC1913F7DB00F550D5 /* button_start.png in Resources */,
				ADB500931913C77B00F550D5 /* sfx_wing.caf in Resources */,
				ADDC90CB19104DCD00BF7B85 /* InfoPlist.strings in Resources */,
				ADB500B9191402A300F550D5 /* bird_1.png in Resources */,
				ADB5008D1913C09F00F550D5 /* bg.png in Resources */,
				ADC576E719191BD7006940D7 /* button_menu.png in Resources */,
				ADC576EA19191BD7006940D7 /* button_resume.png in Resources */,
				ADB500AE1913F91A00F550D5 /* title.png in Resources */,
				ADDC90D319104DCD00BF7B85 /* Images.xcassets in Resources */,
				ADC576E819191BD7006940D7 /* button_ok.png in Resources */,
				ADB5010219151B4E00F550D5 /* text_ready.png in Resources */,
				ADB5009F1913D7F900F550D5 /* floor.png in Resources */,
				ADC576E919191BD7006940D7 /* button_pause.png in Resources */,
				ADB5010419151C0800F550D5 /* tutorial.png in Resources */,
				ADB500B8191402A300F550D5 /* bird_0.png in Resources */,
				ADB5008F1913C75A00F550D5 /* sfx_die.caf in Resources */,
				ADB500811913BB1000F550D5 /* GameViewController.xib in Resources */,
				ADB500BA191402A300F550D5 /* bird_2.png in Resources */,
			);
			runOnlyForDeploymentPostprocessing = 0;
		};
		ADDC90D619104DCD00BF7B85 /* Resources */ = {
			isa = PBXResourcesBuildPhase;
			buildActionMask = 2147483647;
			files = (
				ADDC90E419104DCD00BF7B85 /* InfoPlist.strings in Resources */,
			);
			runOnlyForDeploymentPostprocessing = 0;
		};
/* End PBXResourcesBuildPhase section */

/* Begin PBXSourcesBuildPhase section */
		ADDC90B919104DCD00BF7B85 /* Sources */ = {
			isa = PBXSourcesBuildPhase;
			buildActionMask = 2147483647;
			files = (
				ADDC90D119104DCD00BF7B85 /* AppDelegate.m in Sources */,
				ADC576EE19192001006940D7 /* BirdNode.m in Sources */,
				ADB500AA1913EDE100F550D5 /* MenuScene.m in Sources */,
				ADB500801913BB1000F550D5 /* GameViewController.m in Sources */,
				ADB500B31913FBAF00F550D5 /* ButtonNode.m in Sources */,
				ADB500871913BB4B00F550D5 /* GameScene.m in Sources */,
				ADC576F119192020006940D7 /* FloorNode.m in Sources */,
				ADDC90CD19104DCD00BF7B85 /* main.m in Sources */,
			);
			runOnlyForDeploymentPostprocessing = 0;
		};
		ADDC90D419104DCD00BF7B85 /* Sources */ = {
			isa = PBXSourcesBuildPhase;
			buildActionMask = 2147483647;
			files = (
				ADDC90E619104DCD00BF7B85 /* SpriteKitFlappyBirdTests.m in Sources */,
			);
			runOnlyForDeploymentPostprocessing = 0;
		};
/* End PBXSourcesBuildPhase section */

/* Begin PBXTargetDependency section */
		ADDC90DE19104DCD00BF7B85 /* PBXTargetDependency */ = {
			isa = PBXTargetDependency;
			target = ADDC90BC19104DCD00BF7B85 /* SpriteKitFlappyBird */;
			targetProxy = ADDC90DD19104DCD00BF7B85 /* PBXContainerItemProxy */;
		};
/* End PBXTargetDependency section */

/* Begin PBXVariantGroup section */
		ADDC90C919104DCD00BF7B85 /* InfoPlist.strings */ = {
			isa = PBXVariantGroup;
			children = (
				ADDC90CA19104DCD00BF7B85 /* en */,
			);
			name = InfoPlist.strings;
			sourceTree = "<group>";
		};
		ADDC90E219104DCD00BF7B85 /* InfoPlist.strings */ = {
			isa = PBXVariantGroup;
			children = (
				ADDC90E319104DCD00BF7B85 /* en */,
			);
			name = InfoPlist.strings;
			sourceTree = "<group>";
		};
/* End PBXVariantGroup section */

/* Begin XCBuildConfiguration section */
		ADDC90E719104DCE00BF7B85 /* Debug */ = {
			isa = XCBuildConfiguration;
			buildSettings = {
				ALWAYS_SEARCH_USER_PATHS = NO;
				CLANG_CXX_LANGUAGE_STANDARD = "gnu++0x";
				CLANG_CXX_LIBRARY = "libc++";
				CLANG_ENABLE_MODULES = YES;
				CLANG_ENABLE_OBJC_ARC = YES;
				CLANG_WARN_BOOL_CONVERSION = YES;
				CLANG_WARN_CONSTANT_CONVERSION = YES;
				CLANG_WARN_DIRECT_OBJC_ISA_USAGE = YES_ERROR;
				CLANG_WARN_EMPTY_BODY = YES;
				CLANG_WARN_ENUM_CONVERSION = YES;
				CLANG_WARN_INT_CONVERSION = YES;
				CLANG_WARN_OBJC_ROOT_CLASS = YES_ERROR;
				CLANG_WARN__DUPLICATE_METHOD_MATCH = YES;
				"CODE_SIGN_IDENTITY[sdk=iphoneos*]" = "iPhone Developer";
				COPY_PHASE_STRIP = NO;
				GCC_C_LANGUAGE_STANDARD = gnu99;
				GCC_DYNAMIC_NO_PIC = NO;
				GCC_OPTIMIZATION_LEVEL = 0;
				GCC_PREPROCESSOR_DEFINITIONS = (
					"DEBUG=1",
					"$(inherited)",
				);
				GCC_SYMBOLS_PRIVATE_EXTERN = NO;
				GCC_WARN_64_TO_32_BIT_CONVERSION = YES;
				GCC_WARN_ABOUT_RETURN_TYPE = YES_ERROR;
				GCC_WARN_UNDECLARED_SELECTOR = YES;
				GCC_WARN_UNINITIALIZED_AUTOS = YES_AGGRESSIVE;
				GCC_WARN_UNUSED_FUNCTION = YES;
				GCC_WARN_UNUSED_VARIABLE = YES;
				IPHONEOS_DEPLOYMENT_TARGET = 7.1;
				ONLY_ACTIVE_ARCH = YES;
				SDKROOT = iphoneos;
			};
			name = Debug;
		};
		ADDC90E819104DCE00BF7B85 /* Release */ = {
			isa = XCBuildConfiguration;
			buildSettings = {
				ALWAYS_SEARCH_USER_PATHS = NO;
				CLANG_CXX_LANGUAGE_STANDARD = "gnu++0x";
				CLANG_CXX_LIBRARY = "libc++";
				CLANG_ENABLE_MODULES = YES;
				CLANG_ENABLE_OBJC_ARC = YES;
				CLANG_WARN_BOOL_CONVERSION = YES;
				CLANG_WARN_CONSTANT_CONVERSION = YES;
				CLANG_WARN_DIRECT_OBJC_ISA_USAGE = YES_ERROR;
				CLANG_WARN_EMPTY_BODY = YES;
				CLANG_WARN_ENUM_CONVERSION = YES;
				CLANG_WARN_INT_CONVERSION = YES;
				CLANG_WARN_OBJC_ROOT_CLASS = YES_ERROR;
				CLANG_WARN__DUPLICATE_METHOD_MATCH = YES;
				"CODE_SIGN_IDENTITY[sdk=iphoneos*]" = "iPhone Developer";
				COPY_PHASE_STRIP = YES;
				ENABLE_NS_ASSERTIONS = NO;
				GCC_C_LANGUAGE_STANDARD = gnu99;
				GCC_WARN_64_TO_32_BIT_CONVERSION = YES;
				GCC_WARN_ABOUT_RETURN_TYPE = YES_ERROR;
				GCC_WARN_UNDECLARED_SELECTOR = YES;
				GCC_WARN_UNINITIALIZED_AUTOS = YES_AGGRESSIVE;
				GCC_WARN_UNUSED_FUNCTION = YES;
				GCC_WARN_UNUSED_VARIABLE = YES;
				IPHONEOS_DEPLOYMENT_TARGET = 7.1;
				SDKROOT = iphoneos;
				VALIDATE_PRODUCT = YES;
			};
			name = Release;
		};
		ADDC90EA19104DCE00BF7B85 /* Debug */ = {
			isa = XCBuildConfiguration;
			buildSettings = {
				ASSETCATALOG_COMPILER_APPICON_NAME = AppIcon;
				ASSETCATALOG_COMPILER_LAUNCHIMAGE_NAME = LaunchImage;
				GCC_PRECOMPILE_PREFIX_HEADER = YES;
				GCC_PREFIX_HEADER = "SpriteKitFlappyBird/SpriteKitFlappyBird-Prefix.pch";
				INFOPLIST_FILE = "SpriteKitFlappyBird/SpriteKitFlappyBird-Info.plist";
				PRODUCT_NAME = "$(TARGET_NAME)";
				WRAPPER_EXTENSION = app;
			};
			name = Debug;
		};
		ADDC90EB19104DCE00BF7B85 /* Release */ = {
			isa = XCBuildConfiguration;
			buildSettings = {
				ASSETCATALOG_COMPILER_APPICON_NAME = AppIcon;
				ASSETCATALOG_COMPILER_LAUNCHIMAGE_NAME = LaunchImage;
				GCC_PRECOMPILE_PREFIX_HEADER = YES;
				GCC_PREFIX_HEADER = "SpriteKitFlappyBird/SpriteKitFlappyBird-Prefix.pch";
				INFOPLIST_FILE = "SpriteKitFlappyBird/SpriteKitFlappyBird-Info.plist";
				PRODUCT_NAME = "$(TARGET_NAME)";
				WRAPPER_EXTENSION = app;
			};
			name = Release;
		};
		ADDC90ED19104DCE00BF7B85 /* Debug */ = {
			isa = XCBuildConfiguration;
			buildSettings = {
				BUNDLE_LOADER = "$(BUILT_PRODUCTS_DIR)/SpriteKitFlappyBird.app/SpriteKitFlappyBird";
				FRAMEWORK_SEARCH_PATHS = (
					"$(SDKROOT)/Developer/Library/Frameworks",
					"$(inherited)",
					"$(DEVELOPER_FRAMEWORKS_DIR)",
				);
				GCC_PRECOMPILE_PREFIX_HEADER = YES;
				GCC_PREFIX_HEADER = "SpriteKitFlappyBird/SpriteKitFlappyBird-Prefix.pch";
				GCC_PREPROCESSOR_DEFINITIONS = (
					"DEBUG=1",
					"$(inherited)",
				);
				INFOPLIST_FILE = "SpriteKitFlappyBirdTests/SpriteKitFlappyBirdTests-Info.plist";
				PRODUCT_NAME = "$(TARGET_NAME)";
				TEST_HOST = "$(BUNDLE_LOADER)";
				WRAPPER_EXTENSION = xctest;
			};
			name = Debug;
		};
		ADDC90EE19104DCE00BF7B85 /* Release */ = {
			isa = XCBuildConfiguration;
			buildSettings = {
				BUNDLE_LOADER = "$(BUILT_PRODUCTS_DIR)/SpriteKitFlappyBird.app/SpriteKitFlappyBird";
				FRAMEWORK_SEARCH_PATHS = (
					"$(SDKROOT)/Developer/Library/Frameworks",
					"$(inherited)",
					"$(DEVELOPER_FRAMEWORKS_DIR)",
				);
				GCC_PRECOMPILE_PREFIX_HEADER = YES;
				GCC_PREFIX_HEADER = "SpriteKitFlappyBird/SpriteKitFlappyBird-Prefix.pch";
				INFOPLIST_FILE = "SpriteKitFlappyBirdTests/SpriteKitFlappyBirdTests-Info.plist";
				PRODUCT_NAME = "$(TARGET_NAME)";
				TEST_HOST = "$(BUNDLE_LOADER)";
				WRAPPER_EXTENSION = xctest;
			};
			name = Release;
		};
/* End XCBuildConfiguration section */

/* Begin XCConfigurationList section */
		ADDC90B819104DCD00BF7B85 /* Build configuration list for PBXProject "SpriteKitFlappyBird" */ = {
			isa = XCConfigurationList;
			buildConfigurations = (
				ADDC90E719104DCE00BF7B85 /* Debug */,
				ADDC90E819104DCE00BF7B85 /* Release */,
			);
			defaultConfigurationIsVisible = 0;
			defaultConfigurationName = Release;
		};
		ADDC90E919104DCE00BF7B85 /* Build configuration list for PBXNativeTarget "SpriteKitFlappyBird" */ = {
			isa = XCConfigurationList;
			buildConfigurations = (
				ADDC90EA19104DCE00BF7B85 /* Debug */,
				ADDC90EB19104DCE00BF7B85 /* Release */,
			);
			defaultConfigurationIsVisible = 0;
			defaultConfigurationName = Release;
		};
		ADDC90EC19104DCE00BF7B85 /* Build configuration list for PBXNativeTarget "SpriteKitFlappyBirdTests" */ = {
			isa = XCConfigurationList;
			buildConfigurations = (
				ADDC90ED19104DCE00BF7B85 /* Debug */,
				ADDC90EE19104DCE00BF7B85 /* Release */,
			);
			defaultConfigurationIsVisible = 0;
			defaultConfigurationName = Release;
		};
/* End XCConfigurationList section */
	};
	rootObject = ADDC90B519104DCD00BF7B85 /* Project object */;
}
