// !$*UTF8*$!
{
	archiveVersion = 1;
	classes = {
	};
	objectVersion = 46;
	objects = {

/* Begin PBXBuildFile section */
		ADDC90C119104DCD00BF7B85 /* Foundation.framework in Frameworks */ = {isa = PBXBuildFile; fileRef = ADDC90C019104DCD00BF7B85 /* Foundation.framework */; };
		ADDC90C319104DCD00BF7B85 /* CoreGraphics.framework in Frameworks */ = {isa = PBXBuildFile; fileRef = ADDC90C219104DCD00BF7B85 /* CoreGraphics.framework */; };
		ADDC90C519104DCD00BF7B85 /* UIKit.framework in Frameworks */ = {isa = PBXBuildFile; fileRef = ADDC90C419104DCD00BF7B85 /* UIKit.framework */; };
		ADDC90CB19104DCD00BF7B85 /* InfoPlist.strings in Resources */ = {isa = PBXBuildFile; fileRef = ADDC90C919104DCD00BF7B85 /* InfoPlist.strings */; };
		ADDC90CD19104DCD00BF7B85 /* main.m in Sources */ = {isa = PBXBuildFile; fileRef = ADDC90CC19104DCD00BF7B85 /* main.m */; };
		ADDC90D119104DCD00BF7B85 /* AppDelegate.m in Sources */ = {isa = PBXBuildFile; fileRef = ADDC90D019104DCD00BF7B85 /* AppDelegate.m */; };
		ADDC90D319104DCD00BF7B85 /* Images.xcassets in Resources */ = {isa = PBXBuildFile; fileRef = ADDC90D219104DCD00BF7B85 /* Images.xcassets */; };
		ADDC90DA19104DCD00BF7B85 /* XCTest.framework in Frameworks */ = {isa = PBXBuildFile; fileRef = ADDC90D919104DCD00BF7B85 /* XCTest.framework */; };
		ADDC90DB19104DCD00BF7B85 /* Foundation.framework in Frameworks */ = {isa = PBXBuildFile; fileRef = ADDC90C019104DCD00BF7B85 /* Foundation.framework */; };
		ADDC90DC19104DCD00BF7B85 /* UIKit.framework in Frameworks */ = {isa = PBXBuildFile; fileRef = ADDC90C419104DCD00BF7B85 /* UIKit.framework */; };
		ADDC90E419104DCD00BF7B85 /* InfoPlist.strings in Resources */ = {isa = PBXBuildFile; fileRef = ADDC90E219104DCD00BF7B85 /* InfoPlist.strings */; };
		ADDC90E619104DCD00BF7B85 /* SpriteKitFlappyBirdTests.m in Sources */ = {isa = PBXBuildFile; fileRef = ADDC90E519104DCD00BF7B85 /* SpriteKitFlappyBirdTests.m */; };
/* End PBXBuildFile section */

/* Begin PBXContainerItemProxy section */
		ADDC90DD19104DCD00BF7B85 /* PBXContainerItemProxy */ = {
			isa = PBXContainerItemProxy;
			containerPortal = ADDC90B519104DCD00BF7B85 /* Project object */;
			proxyType = 1;
			remoteGlobalIDString = ADDC90BC19104DCD00BF7B85;
			remoteInfo = SpriteKitFlappyBird;
		};
/* End PBXContainerItemProxy section */

/* Begin PBXFileReference section */
		ADDC90BD19104DCD00BF7B85 /* SpriteKitFlappyBird.app */ = {isa = PBXFileReference; explicitFileType = wrapper.application; includeInIndex = 0; path = SpriteKitFlappyBird.app; sourceTree = BUILT_PRODUCTS_DIR; };
		ADDC90C019104DCD00BF7B85 /* Foundation.framework */ = {isa = PBXFileReference; lastKnownFileType = wrapper.framework; name = Foundation.framework; path = System/Library/Frameworks/Foundation.framework; sourceTree = SDKROOT; };
		ADDC90C219104DCD00BF7B85 /* CoreGraphics.framework */ = {isa = PBXFileReference; lastKnownFileType = wrapper.framework; name = CoreGraphics.framework; path = System/Library/Frameworks/CoreGraphics.framework; sourceTree = SDKROOT; };
		ADDC90C419104DCD00BF7B85 /* UIKit.framework */ = {isa = PBXFileReference; lastKnownFileType = wrapper.framework; name = UIKit.framework; path = System/Library/Frameworks/UIKit.framework; sourceTree = SDKROOT; };
		ADDC90C819104DCD00BF7B85 /* SpriteKitFlappyBird-Info.plist */ = {isa = PBXFileReference; lastKnownFileType = text.plist.xml; path = "SpriteKitFlappyBird-Info.plist"; sourceTree = "<group>"; };
		ADDC90CA19104DCD00BF7B85 /* en */ = {isa = PBXFileReference; lastKnownFileType = text.plist.strings; name = en; path = en.lproj/InfoPlist.strings; sourceTree = "<group>"; };
		ADDC90CC19104DCD00BF7B85 /* main.m */ = {isa = PBXFileReference; lastKnownFileType = sourcecode.c.objc; path = main.m; sourceTree = "<group>"; };
		ADDC90CE19104DCD00BF7B85 /* SpriteKitFlappyBird-Prefix.pch */ = {isa = PBXFileReference; lastKnownFileType = sourcecode.c.h; path = "SpriteKitFlappyBird-Prefix.pch"; sourceTree = "<group>"; };
		ADDC90CF19104DCD00BF7B85 /* AppDelegate.h */ = {isa = PBXFileReference; lastKnownFileType = sourcecode.c.h; path = AppDelegate.h; sourceTree = "<group>"; };
		ADDC90D019104DCD00BF7B85 /* AppDelegate.m */ = {isa = PBXFileReference; lastKnownFileType = sourcecode.c.objc; path = AppDelegate.m; sourceTree = "<group>"; };
		ADDC90D219104DCD00BF7B85 /* Images.xcassets */ = {isa = PBXFileReference; lastKnownFileType = folder.assetcatalog; path = Images.xcassets; sourceTree = "<group>"; };
		ADDC90D819104DCD00BF7B85 /* SpriteKitFlappyBirdTests.xctest */ = {isa = PBXFileReference; explicitFileType = wrapper.cfbundle; includeInIndex = 0; path = SpriteKitFlappyBirdTests.xctest; sourceTree = BUILT_PRODUCTS_DIR; };
		ADDC90D919104DCD00BF7B85 /* XCTest.framework */ = {isa = PBXFileReference; lastKnownFileType = wrapper.framework; name = XCTest.framework; path = Library/Frameworks/XCTest.framework; sourceTree = DEVELOPER_DIR; };
		ADDC90E119104DCD00BF7B85 /* SpriteKitFlappyBirdTests-Info.plist */ = {isa = PBXFileReference; lastKnownFileType = text.plist.xml; path = "SpriteKitFlappyBirdTests-Info.plist"; sourceTree = "<group>"; };
		ADDC90E319104DCD00BF7B85 /* en */ = {isa = PBXFileReference; lastKnownFileType = text.plist.strings; name = en; path = en.lproj/InfoPlist.strings; sourceTree = "<group>"; };
		ADDC90E519104DCD00BF7B85 /* SpriteKitFlappyBirdTests.m */ = {isa = PBXFileReference; lastKnownFileType = sourcecode.c.objc; path = SpriteKitFlappyBirdTests.m; sourceTree = "<group>"; };
/* End PBXFileReference section */

/* Begin PBXFrameworksBuildPhase section */
		ADDC90BA19104DCD00BF7B85 /* Frameworks */ = {
			isa = PBXFrameworksBuildPhase;
			buildActionMask = 2147483647;
			files = (
				ADDC90C319104DCD00BF7B85 /* CoreGraphics.framework in Frameworks */,
				ADDC90C519104DCD00BF7B85 /* UIKit.framework in Frameworks */,
				ADDC90C119104DCD00BF7B85 /* Foundation.framework in Frameworks */,
			);
			runOnlyForDeploymentPostprocessing = 0;
		};
		ADDC90D519104DCD00BF7B85 /* Frameworks */ = {
			isa = PBXFrameworksBuildPhase;
			buildActionMask = 2147483647;
			files = (
				ADDC90DA19104DCD00BF7B85 /* XCTest.framework in Frameworks */,
				ADDC90DC19104DCD00BF7B85 /* UIKit.framework in Frameworks */,
				ADDC90DB19104DCD00BF7B85 /* Foundation.framework in Frameworks */,
			);
			runOnlyForDeploymentPostprocessing = 0;
		};
/* End PBXFrameworksBuildPhase section */

/* Begin PBXGroup section */
		ADDC90B419104DCD00BF7B85 = {
			isa = PBXGroup;
			children = (
				ADDC90C619104DCD00BF7B85 /* SpriteKitFlappyBird */,
				ADDC90DF19104DCD00BF7B85 /* SpriteKitFlappyBirdTests */,
				ADDC90BF19104DCD00BF7B85 /* Frameworks */,
				ADDC90BE19104DCD00BF7B85 /* Products */,
			);
			sourceTree = "<group>";
		};
		ADDC90BE19104DCD00BF7B85 /* Products */ = {
			isa = PBXGroup;
			children = (
				ADDC90BD19104DCD00BF7B85 /* SpriteKitFlappyBird.app */,
				ADDC90D819104DCD00BF7B85 /* SpriteKitFlappyBirdTests.xctest */,
			);
			name = Products;
			sourceTree = "<group>";
		};
		ADDC90BF19104DCD00BF7B85 /* Frameworks */ = {
			isa = PBXGroup;
			children = (
				ADDC90C019104DCD00BF7B85 /* Foundation.framework */,
				ADDC90C219104DCD00BF7B85 /* CoreGraphics.framework */,
				ADDC90C419104DCD00BF7B85 /* UIKit.framework */,
				ADDC90D919104DCD00BF7B85 /* XCTest.framework */,
			);
			name = Frameworks;
			sourceTree = "<group>";
		};
		ADDC90C619104DCD00BF7B85 /* SpriteKitFlappyBird */ = {
			isa = PBXGroup;
			children = (
				ADDC90CF19104DCD00BF7B85 /* AppDelegate.h */,
				ADDC90D019104DCD00BF7B85 /* AppDelegate.m */,
				ADDC90D219104DCD00BF7B85 /* Images.xcassets */,
				ADDC90C719104DCD00BF7B85 /* Supporting Files */,
			);
			path = SpriteKitFlappyBird;
			sourceTree = "<group>";
		};
		ADDC90C719104DCD00BF7B85 /* Supporting Files */ = {
			isa = PBXGroup;
			children = (
				ADDC90C819104DCD00BF7B85 /* SpriteKitFlappyBird-Info.plist */,
				ADDC90C919104DCD00BF7B85 /* InfoPlist.strings */,
				ADDC90CC19104DCD00BF7B85 /* main.m */,
				ADDC90CE19104DCD00BF7B85 /* SpriteKitFlappyBird-Prefix.pch */,
			);
			name = "Supporting Files";
			sourceTree = "<group>";
		};
		ADDC90DF19104DCD00BF7B85 /* SpriteKitFlappyBirdTests */ = {
			isa = PBXGroup;
			children = (
				ADDC90E519104DCD00BF7B85 /* SpriteKitFlappyBirdTests.m */,
				ADDC90E019104DCD00BF7B85 /* Supporting Files */,
			);
			path = SpriteKitFlappyBirdTests;
			sourceTree = "<group>";
		};
		ADDC90E019104DCD00BF7B85 /* Supporting Files */ = {
			isa = PBXGroup;
			children = (
				ADDC90E119104DCD00BF7B85 /* SpriteKitFlappyBirdTests-Info.plist */,
				ADDC90E219104DCD00BF7B85 /* InfoPlist.strings */,
			);
			name = "Supporting Files";
			sourceTree = "<group>";
		};
/* End PBXGroup section */

/* Begin PBXNativeTarget section */
		ADDC90BC19104DCD00BF7B85 /* SpriteKitFlappyBird */ = {
			isa = PBXNativeTarget;
			buildConfigurationList = ADDC90E919104DCE00BF7B85 /* Build configuration list for PBXNativeTarget "SpriteKitFlappyBird" */;
			buildPhases = (
				ADDC90B919104DCD00BF7B85 /* Sources */,
				ADDC90BA19104DCD00BF7B85 /* Frameworks */,
				ADDC90BB19104DCD00BF7B85 /* Resources */,
			);
			buildRules = (
			);
			dependencies = (
			);
			name = SpriteKitFlappyBird;
			productName = SpriteKitFlappyBird;
			productReference = ADDC90BD19104DCD00BF7B85 /* SpriteKitFlappyBird.app */;
			productType = "com.apple.product-type.application";
		};
		ADDC90D719104DCD00BF7B85 /* SpriteKitFlappyBirdTests */ = {
			isa = PBXNativeTarget;
			buildConfigurationList = ADDC90EC19104DCE00BF7B85 /* Build configuration list for PBXNativeTarget "SpriteKitFlappyBirdTests" */;
			buildPhases = (
				ADDC90D419104DCD00BF7B85 /* Sources */,
				ADDC90D519104DCD00BF7B85 /* Frameworks */,
				ADDC90D619104DCD00BF7B85 /* Resources */,
			);
			buildRules = (
			);
			dependencies = (
				ADDC90DE19104DCD00BF7B85 /* PBXTargetDependency */,
			);
			name = SpriteKitFlappyBirdTests;
			productName = SpriteKitFlappyBirdTests;
			productReference = ADDC90D819104DCD00BF7B85 /* SpriteKitFlappyBirdTests.xctest */;
			productType = "com.apple.product-type.bundle.unit-test";
		};
/* End PBXNativeTarget section */

/* Begin PBXProject section */
		ADDC90B519104DCD00BF7B85 /* Project object */ = {
			isa = PBXProject;
			attributes = {
				LastUpgradeCheck = 0510;
				ORGANIZATIONNAME = "Vitaly Berg";
				TargetAttributes = {
					ADDC90D719104DCD00BF7B85 = {
						TestTargetID = ADDC90BC19104DCD00BF7B85;
					};
				};
			};
			buildConfigurationList = ADDC90B819104DCD00BF7B85 /* Build configuration list for PBXProject "SpriteKitFlappyBird" */;
			compatibilityVersion = "Xcode 3.2";
			developmentRegion = English;
			hasScannedForEncodings = 0;
			knownRegions = (
				en,
			);
			mainGroup = ADDC90B419104DCD00BF7B85;
			productRefGroup = ADDC90BE19104DCD00BF7B85 /* Products */;
			projectDirPath = "";
			projectRoot = "";
			targets = (
				ADDC90BC19104DCD00BF7B85 /* SpriteKitFlappyBird */,
				ADDC90D719104DCD00BF7B85 /* SpriteKitFlappyBirdTests */,
			);
		};
/* End PBXProject section */

/* Begin PBXResourcesBuildPhase section */
		ADDC90BB19104DCD00BF7B85 /* Resources */ = {
			isa = PBXResourcesBuildPhase;
			buildActionMask = 2147483647;
			files = (
				ADDC90CB19104DCD00BF7B85 /* InfoPlist.strings in Resources */,
				ADDC90D319104DCD00BF7B85 /* Images.xcassets in Resources */,
			);
			runOnlyForDeploymentPostprocessing = 0;
		};
		ADDC90D619104DCD00BF7B85 /* Resources */ = {
			isa = PBXResourcesBuildPhase;
			buildActionMask = 2147483647;
			files = (
				ADDC90E419104DCD00BF7B85 /* InfoPlist.strings in Resources */,
			);
			runOnlyForDeploymentPostprocessing = 0;
		};
/* End PBXResourcesBuildPhase section */

/* Begin PBXSourcesBuildPhase section */
		ADDC90B919104DCD00BF7B85 /* Sources */ = {
			isa = PBXSourcesBuildPhase;
			buildActionMask = 2147483647;
			files = (
				ADDC90D119104DCD00BF7B85 /* AppDelegate.m in Sources */,
				ADDC90CD19104DCD00BF7B85 /* main.m in Sources */,
			);
			runOnlyForDeploymentPostprocessing = 0;
		};
		ADDC90D419104DCD00BF7B85 /* Sources */ = {
			isa = PBXSourcesBuildPhase;
			buildActionMask = 2147483647;
			files = (
				ADDC90E619104DCD00BF7B85 /* SpriteKitFlappyBirdTests.m in Sources */,
			);
			runOnlyForDeploymentPostprocessing = 0;
		};
/* End PBXSourcesBuildPhase section */

/* Begin PBXTargetDependency section */
		ADDC90DE19104DCD00BF7B85 /* PBXTargetDependency */ = {
			isa = PBXTargetDependency;
			target = ADDC90BC19104DCD00BF7B85 /* SpriteKitFlappyBird */;
			targetProxy = ADDC90DD19104DCD00BF7B85 /* PBXContainerItemProxy */;
		};
/* End PBXTargetDependency section */

/* Begin PBXVariantGroup section */
		ADDC90C919104DCD00BF7B85 /* InfoPlist.strings */ = {
			isa = PBXVariantGroup;
			children = (
				ADDC90CA19104DCD00BF7B85 /* en */,
			);
			name = InfoPlist.strings;
			sourceTree = "<group>";
		};
		ADDC90E219104DCD00BF7B85 /* InfoPlist.strings */ = {
			isa = PBXVariantGroup;
			children = (
				ADDC90E319104DCD00BF7B85 /* en */,
			);
			name = InfoPlist.strings;
			sourceTree = "<group>";
		};
/* End PBXVariantGroup section */

/* Begin XCBuildConfiguration section */
		ADDC90E719104DCE00BF7B85 /* Debug */ = {
			isa = XCBuildConfiguration;
			buildSettings = {
				ALWAYS_SEARCH_USER_PATHS = NO;
				CLANG_CXX_LANGUAGE_STANDARD = "gnu++0x";
				CLANG_CXX_LIBRARY = "libc++";
				CLANG_ENABLE_MODULES = YES;
				CLANG_ENABLE_OBJC_ARC = YES;
				CLANG_WARN_BOOL_CONVERSION = YES;
				CLANG_WARN_CONSTANT_CONVERSION = YES;
				CLANG_WARN_DIRECT_OBJC_ISA_USAGE = YES_ERROR;
				CLANG_WARN_EMPTY_BODY = YES;
				CLANG_WARN_ENUM_CONVERSION = YES;
				CLANG_WARN_INT_CONVERSION = YES;
				CLANG_WARN_OBJC_ROOT_CLASS = YES_ERROR;
				CLANG_WARN__DUPLICATE_METHOD_MATCH = YES;
				"CODE_SIGN_IDENTITY[sdk=iphoneos*]" = "iPhone Developer";
				COPY_PHASE_STRIP = NO;
				GCC_C_LANGUAGE_STANDARD = gnu99;
				GCC_DYNAMIC_NO_PIC = NO;
				GCC_OPTIMIZATION_LEVEL = 0;
				GCC_PREPROCESSOR_DEFINITIONS = (
					"DEBUG=1",
					"$(inherited)",
				);
				GCC_SYMBOLS_PRIVATE_EXTERN = NO;
				GCC_WARN_64_TO_32_BIT_CONVERSION = YES;
				GCC_WARN_ABOUT_RETURN_TYPE = YES_ERROR;
				GCC_WARN_UNDECLARED_SELECTOR = YES;
				GCC_WARN_UNINITIALIZED_AUTOS = YES_AGGRESSIVE;
				GCC_WARN_UNUSED_FUNCTION = YES;
				GCC_WARN_UNUSED_VARIABLE = YES;
				IPHONEOS_DEPLOYMENT_TARGET = 7.1;
				ONLY_ACTIVE_ARCH = YES;
				SDKROOT = iphoneos;
			};
			name = Debug;
		};
		ADDC90E819104DCE00BF7B85 /* Release */ = {
			isa = XCBuildConfiguration;
			buildSettings = {
				ALWAYS_SEARCH_USER_PATHS = NO;
				CLANG_CXX_LANGUAGE_STANDARD = "gnu++0x";
				CLANG_CXX_LIBRARY = "libc++";
				CLANG_ENABLE_MODULES = YES;
				CLANG_ENABLE_OBJC_ARC = YES;
				CLANG_WARN_BOOL_CONVERSION = YES;
				CLANG_WARN_CONSTANT_CONVERSION = YES;
				CLANG_WARN_DIRECT_OBJC_ISA_USAGE = YES_ERROR;
				CLANG_WARN_EMPTY_BODY = YES;
				CLANG_WARN_ENUM_CONVERSION = YES;
				CLANG_WARN_INT_CONVERSION = YES;
				CLANG_WARN_OBJC_ROOT_CLASS = YES_ERROR;
				CLANG_WARN__DUPLICATE_METHOD_MATCH = YES;
				"CODE_SIGN_IDENTITY[sdk=iphoneos*]" = "iPhone Developer";
				COPY_PHASE_STRIP = YES;
				ENABLE_NS_ASSERTIONS = NO;
				GCC_C_LANGUAGE_STANDARD = gnu99;
				GCC_WARN_64_TO_32_BIT_CONVERSION = YES;
				GCC_WARN_ABOUT_RETURN_TYPE = YES_ERROR;
				GCC_WARN_UNDECLARED_SELECTOR = YES;
				GCC_WARN_UNINITIALIZED_AUTOS = YES_AGGRESSIVE;
				GCC_WARN_UNUSED_FUNCTION = YES;
				GCC_WARN_UNUSED_VARIABLE = YES;
				IPHONEOS_DEPLOYMENT_TARGET = 7.1;
				SDKROOT = iphoneos;
				VALIDATE_PRODUCT = YES;
			};
			name = Release;
		};
		ADDC90EA19104DCE00BF7B85 /* Debug */ = {
			isa = XCBuildConfiguration;
			buildSettings = {
				ASSETCATALOG_COMPILER_APPICON_NAME = AppIcon;
				ASSETCATALOG_COMPILER_LAUNCHIMAGE_NAME = LaunchImage;
				GCC_PRECOMPILE_PREFIX_HEADER = YES;
				GCC_PREFIX_HEADER = "SpriteKitFlappyBird/SpriteKitFlappyBird-Prefix.pch";
				INFOPLIST_FILE = "SpriteKitFlappyBird/SpriteKitFlappyBird-Info.plist";
				PRODUCT_NAME = "$(TARGET_NAME)";
				WRAPPER_EXTENSION = app;
			};
			name = Debug;
		};
		ADDC90EB19104DCE00BF7B85 /* Release */ = {
			isa = XCBuildConfiguration;
			buildSettings = {
				ASSETCATALOG_COMPILER_APPICON_NAME = AppIcon;
				ASSETCATALOG_COMPILER_LAUNCHIMAGE_NAME = LaunchImage;
				GCC_PRECOMPILE_PREFIX_HEADER = YES;
				GCC_PREFIX_HEADER = "SpriteKitFlappyBird/SpriteKitFlappyBird-Prefix.pch";
				INFOPLIST_FILE = "SpriteKitFlappyBird/SpriteKitFlappyBird-Info.plist";
				PRODUCT_NAME = "$(TARGET_NAME)";
				WRAPPER_EXTENSION = app;
			};
			name = Release;
		};
		ADDC90ED19104DCE00BF7B85 /* Debug */ = {
			isa = XCBuildConfiguration;
			buildSettings = {
				BUNDLE_LOADER = "$(BUILT_PRODUCTS_DIR)/SpriteKitFlappyBird.app/SpriteKitFlappyBird";
				FRAMEWORK_SEARCH_PATHS = (
					"$(SDKROOT)/Developer/Library/Frameworks",
					"$(inherited)",
					"$(DEVELOPER_FRAMEWORKS_DIR)",
				);
				GCC_PRECOMPILE_PREFIX_HEADER = YES;
				GCC_PREFIX_HEADER = "SpriteKitFlappyBird/SpriteKitFlappyBird-Prefix.pch";
				GCC_PREPROCESSOR_DEFINITIONS = (
					"DEBUG=1",
					"$(inherited)",
				);
				INFOPLIST_FILE = "SpriteKitFlappyBirdTests/SpriteKitFlappyBirdTests-Info.plist";
				PRODUCT_NAME = "$(TARGET_NAME)";
				TEST_HOST = "$(BUNDLE_LOADER)";
				WRAPPER_EXTENSION = xctest;
			};
			name = Debug;
		};
		ADDC90EE19104DCE00BF7B85 /* Release */ = {
			isa = XCBuildConfiguration;
			buildSettings = {
				BUNDLE_LOADER = "$(BUILT_PRODUCTS_DIR)/SpriteKitFlappyBird.app/SpriteKitFlappyBird";
				FRAMEWORK_SEARCH_PATHS = (
					"$(SDKROOT)/Developer/Library/Frameworks",
					"$(inherited)",
					"$(DEVELOPER_FRAMEWORKS_DIR)",
				);
				GCC_PRECOMPILE_PREFIX_HEADER = YES;
				GCC_PREFIX_HEADER = "SpriteKitFlappyBird/SpriteKitFlappyBird-Prefix.pch";
				INFOPLIST_FILE = "SpriteKitFlappyBirdTests/SpriteKitFlappyBirdTests-Info.plist";
				PRODUCT_NAME = "$(TARGET_NAME)";
				TEST_HOST = "$(BUNDLE_LOADER)";
				WRAPPER_EXTENSION = xctest;
			};
			name = Release;
		};
/* End XCBuildConfiguration section */

/* Begin XCConfigurationList section */
		ADDC90B819104DCD00BF7B85 /* Build configuration list for PBXProject "SpriteKitFlappyBird" */ = {
			isa = XCConfigurationList;
			buildConfigurations = (
				ADDC90E719104DCE00BF7B85 /* Debug */,
				ADDC90E819104DCE00BF7B85 /* Release */,
			);
			defaultConfigurationIsVisible = 0;
			defaultConfigurationName = Release;
		};
		ADDC90E919104DCE00BF7B85 /* Build configuration list for PBXNativeTarget "SpriteKitFlappyBird" */ = {
			isa = XCConfigurationList;
			buildConfigurations = (
				ADDC90EA19104DCE00BF7B85 /* Debug */,
				ADDC90EB19104DCE00BF7B85 /* Release */,
			);
			defaultConfigurationIsVisible = 0;
		};
		ADDC90EC19104DCE00BF7B85 /* Build configuration list for PBXNativeTarget "SpriteKitFlappyBirdTests" */ = {
			isa = XCConfigurationList;
			buildConfigurations = (
				ADDC90ED19104DCE00BF7B85 /* Debug */,
				ADDC90EE19104DCE00BF7B85 /* Release */,
			);
			defaultConfigurationIsVisible = 0;
		};
/* End XCConfigurationList section */
	};
	rootObject = ADDC90B519104DCD00BF7B85 /* Project object */;
}
